{
  "name": "egw",
  "version": "0.0.1",
  "lockfileVersion": 1,
  "requires": true,
  "dependencies": {
    "@types/node": {
      "version": "8.10.10",
      "resolved": "https://registry.npmjs.org/@types/node/-/node-8.10.10.tgz",
      "integrity": "sha512-p3W/hFzQs76RlYRIZsZc5a9bht6m0TspmWYYbKhRswmLnwj9fsE40EbuGifeu/XWR/c0UJQ1DDbvTxIsm/OOAA==",
      "dev": true
    },
    "argparse": {
      "version": "1.0.10",
      "resolved": "https://registry.npmjs.org/argparse/-/argparse-1.0.10.tgz",
      "integrity": "sha512-o5Roy6tNG4SL/FOkCAN6RzjiakZS25RLYFrcMttJqbdd8BWrnA+fGz57iN5Pb06pvBGvl5gQ0B48dJlslXvoTg==",
      "requires": {
        "sprintf-js": "1.0.3"
      }
    },
    "buffer-from": {
      "version": "1.0.0",
      "resolved": "https://registry.npmjs.org/buffer-from/-/buffer-from-1.0.0.tgz",
      "integrity": "sha512-83apNb8KK0Se60UE1+4Ukbe3HbfELJ6UlI4ldtOGs7So4KD26orJM8hIY9lxdzP+UpItH1Yh/Y8GUvNFWFFRxA=="
    },
    "colors": {
      "version": "1.2.1",
      "resolved": "https://registry.npmjs.org/colors/-/colors-1.2.1.tgz",
      "integrity": "sha512-s8+wktIuDSLffCywiwSxQOMqtPxML11a/dtHE17tMn4B1MSWw/C22EKf7M2KGUBcDaVFEGT+S8N02geDXeuNKg=="
    },
    "esprima": {
      "version": "4.0.0",
      "resolved": "https://registry.npmjs.org/esprima/-/esprima-4.0.0.tgz",
      "integrity": "sha512-oftTcaMu/EGrEIu904mWteKIv8vMuOgGYo7EhVJJN00R/EED9DCua/xxHRdYnKtcECzVg7xOWhflvJMnqcFZjw=="
    },
    "js-yaml": {
      "version": "3.11.0",
      "resolved": "https://registry.npmjs.org/js-yaml/-/js-yaml-3.11.0.tgz",
      "integrity": "sha512-saJstZWv7oNeOyBh3+Dx1qWzhW0+e6/8eDzo7p5rDFqxntSztloLtuKu+Ejhtq82jsilwOIZYsCz+lIjthg1Hw==",
      "requires": {
        "argparse": "1.0.10",
        "esprima": "4.0.0"
      }
    },
    "msv-config": {
      "version": "1.0.0",
      "resolved": "https://registry.npmjs.org/msv-config/-/msv-config-1.0.0.tgz",
      "integrity": "sha512-Xs1tc8MVytWGkoEJMUx7jLbpUDl7iP7R++Zw/ItYG+/qiQKCFt8HJmJSf681krjN84//5uq9Oo1+rpKuwXBrbw=="
    },
    "msv-logger": {
      "version": "0.0.4",
      "resolved": "https://registry.npmjs.org/msv-logger/-/msv-logger-0.0.4.tgz",
      "integrity": "sha512-PRrmG/XrtBi6suy5KkMjaSgPYtPmauaf7F8IrAw3RD2BLt+Vgl62ldviU8pO1c8H5a1MzmuFH1gNo6E4UPoing==",
      "requires": {
        "colors": "1.2.1"
      }
    },
    "source-map": {
      "version": "0.6.1",
      "resolved": "https://registry.npmjs.org/source-map/-/source-map-0.6.1.tgz",
      "integrity": "sha512-UjgapumWlbMhkBgzT7Ykc5YXUT46F0iKu8SGXq0bcwP5dz/h0Plj6enJqjz1Zbq2l5WaqYnrVbwWOWMyF3F47g=="
    },
    "source-map-support": {
      "version": "0.5.5",
      "resolved": "https://registry.npmjs.org/source-map-support/-/source-map-support-0.5.5.tgz",
      "integrity": "sha512-mR7/Nd5l1z6g99010shcXJiNEaf3fEtmLhRB/sBcQVJGodcHCULPp2y4Sfa43Kv2zq7T+Izmfp/WHCR6dYkQCA==",
      "requires": {
        "buffer-from": "1.0.0",
        "source-map": "0.6.1"
      }
    },
    "sprintf-js": {
      "version": "1.0.3",
      "resolved": "https://registry.npmjs.org/sprintf-js/-/sprintf-js-1.0.3.tgz",
      "integrity": "sha1-BOaSb2YolTVPPdAVIDYzuFcpfiw="
    },
    "typescript": {
      "version": "2.8.3",
      "resolved": "https://registry.npmjs.org/typescript/-/typescript-2.8.3.tgz",
      "integrity": "sha512-K7g15Bb6Ra4lKf7Iq2l/I5/En+hLIHmxWZGq3D4DIRNFxMNV6j2SHSvDOqs2tGd4UvD/fJvrwopzQXjLrT7Itw==",
      "dev": true
    }
  }
}
